
Microsoft Visual Studio Solution File, Format Version 12.00
# Visual Studio 15
VisualStudioVersion = 15.0.28010.2046
MinimumVisualStudioVersion = 10.0.40219.1
Project("{FAE04EC0-301F-11D3-BF4B-00C04F79EFBC}") = "TransCosMos", "TransCosMos\TransCosMos.csproj", "{1919FA38-879A-4D8A-BA9B-746570212C87}"
EndProject
Project("{FAE04EC0-301F-11D3-BF4B-00C04F79EFBC}") = "TransCosMosTest", "UnitTestProject1\TransCosMosTest.csproj", "{1435AE3D-F2C0-42F3-8E90-5C7D0588B655}"
EndProject
Global
	GlobalSection(SolutionConfigurationPlatforms) = preSolution
		Debug|Any CPU = Debug|Any CPU
		Release|Any CPU = Release|Any CPU
	EndGlobalSection
	GlobalSection(ProjectConfigurationPlatforms) = postSolution
		{1919FA38-879A-4D8A-BA9B-746570212C87}.Debug|Any CPU.ActiveCfg = Debug|Any CPU
		{1919FA38-879A-4D8A-BA9B-746570212C87}.Debug|Any CPU.Build.0 = Debug|Any CPU
		{1919FA38-879A-4D8A-BA9B-746570212C87}.Release|Any CPU.ActiveCfg = Release|Any CPU
		{1919FA38-879A-4D8A-BA9B-746570212C87}.Release|Any CPU.Build.0 = Release|Any CPU
		{1435AE3D-F2C0-42F3-8E90-5C7D0588B655}.Debug|Any CPU.ActiveCfg = Debug|Any CPU
		{1435AE3D-F2C0-42F3-8E90-5C7D0588B655}.Debug|Any CPU.Build.0 = Debug|Any CPU
		{1435AE3D-F2C0-42F3-8E90-5C7D0588B655}.Release|Any CPU.ActiveCfg = Release|Any CPU
		{1435AE3D-F2C0-42F3-8E90-5C7D0588B655}.Release|Any CPU.Build.0 = Release|Any CPU
	EndGlobalSection
	GlobalSection(SolutionProperties) = preSolution
		HideSolutionNode = FALSE
	EndGlobalSection
	GlobalSection(ExtensibilityGlobals) = postSolution
		SolutionGuid = {4319642A-CE76-4830-A4F1-92E411321741}
	EndGlobalSection
EndGlobal
